{
  "version": 1,
  "dependencies": {
    "UAP,Version=v10.0.17763": {
      "Microsoft.WindowsAppSDK": {
        "type": "Direct",
        "requested": "[2.0.1, )",
        "resolved": "2.0.1",
        "contentHash": "R+iN0mqIUUppbzpHU178R5malnttTTVBOBIGi1NQVVZAs34bAANM/iLJhjj6uUBgYiPfpvjcLbHT5IZ8kKKaqg==",
        "dependencies": {
          "Microsoft.WindowsAppSDK.AI": "2.0.185",
          "Microsoft.WindowsAppSDK.Base": "2.0.3",
          "Microsoft.WindowsAppSDK.DWrite": "2.0.26041403",
          "Microsoft.WindowsAppSDK.Foundation": "2.0.20",
          "Microsoft.WindowsAppSDK.InteractiveExperiences": "2.0.12",
          "Microsoft.WindowsAppSDK.ML": "2.0.300",
          "Microsoft.WindowsAppSDK.Runtime": "[2.0.1]",
          "Microsoft.WindowsAppSDK.Widgets": "2.0.4",
          "Microsoft.WindowsAppSDK.WinUI": "2.0.12"
        }
      },
      "boost": {
        "type": "Transitive",
        "resolved": "1.84.0",
        "contentHash": "4el2YP3cNJDVFPdzOso+LxGvdWP2rHxML4siq8VdonNypW2m4q503tHfCj6vK0L1UfxioE2hpFGb4ITEua73tg=="
      },
      "Microsoft.Bcl.Numerics": {
        "type": "Transitive",
        "resolved": "9.0.0",
        "contentHash": "HYRDlEEjDNkkCyjSedro7Dx05y4VjrVCj5HZrPgFA9Nc+wqL/xo0Kl1U3W+JrgBWfJXzzHP77Rz9ptTaf0TNXg=="
      },
      "Microsoft.JavaScript.Hermes": {
        "type": "Transitive",
        "resolved": "0.0.0-2512.22001-bc3d0ed7",
        "contentHash": "aMuCKrIwkCAnT56+oKqmxgfIaAHlKRVt8IiG/jtMbG01QH1mLPwL7wP89jRMsYSJzikW96trqgpUllZZa3O+Qw=="
      },
      "Microsoft.ReactNative": {
        "type": "Transitive",
        "resolved": "0.82.5",
        "contentHash": "UyH3yJbAVQE5QExPouhbVWe6+7AuYJx71ViIuZbQ3LUSZFJHFstV45YSJIvFKpkW3vTyPxH9eAyKf+Y+x//KCA=="
      },
      "Microsoft.ReactNative.Cxx": {
        "type": "Transitive",
        "resolved": "0.82.5",
        "contentHash": "I+rLmQO+XWo+/Ei+LvWyZoy6TcLHF5U3r1D6xTvKdoppUkygVk3fII3sTlYzdhCPj7AQ0o6MYirbGOKpZfBN0g==",
        "dependencies": {
          "Microsoft.ReactNative": "0.82.5"
        }
      },
      "Microsoft.VCRTForwarders.140": {
        "type": "Transitive",
        "resolved": "1.0.2-rc",
        "contentHash": "/r+sjtEeCIGyDhobIZ5hSmYhC/dSyGZxf1SxYJpElUhB0LMCktOMFs9gXrauXypIFECpVynNyVjAmJt6hjJ5oQ=="
      },
      "Microsoft.Web.WebView2": {
        "type": "Transitive",
        "resolved": "1.0.3719.77",
        "contentHash": "t+ucyKw5NTwMjsUrDF6R9Lk40lpcKQD1/HgyGFxl49tdA4h9dKlsj6FYGEmDRpFNfnTpENuTypMcdbrlkqBdDA=="
      },
      "Microsoft.Windows.AI.MachineLearning": {
        "type": "Transitive",
        "resolved": "2.0.300",
        "contentHash": "OiJX15N198kG30Lop7LH8WjmBfk2/9iU9it9eLPnkNZ49Yi/vAa4ntONGiGOgv5mb8/fvFHV5trCWSPM+OQhSw==",
        "dependencies": {
          "System.Numerics.Tensors": "9.0.0"
        }
      },
      "Microsoft.Windows.SDK.BuildTools": {
        "type": "Transitive",
        "resolved": "10.0.26100.4654",
        "contentHash": "2mgcOlj/t2RfSyyw+pVESfO+Tk1RkfQzto9Vrq42M1lUQIfQEwbi8QLha9GXWIOj+TFzeHIEJckIoF25mgiM8A=="
      },
      "Microsoft.Windows.SDK.BuildTools.MSIX": {
        "type": "Transitive",
        "resolved": "1.7.251221100",
        "contentHash": "f4aIZJ0NUth2403oxrpR+9rxVzZVI6dabqB21u8ncnk8eJAKCs9m77E4iYAnvP1YwrRe4axz3f8+yUcttNSfEA=="
      },
      "Microsoft.WindowsAppSDK.AI": {
        "type": "Transitive",
        "resolved": "2.0.185",
        "contentHash": "KkWthQS+QuiTQJ8HgSpobUgfJDRUAwps0/1MjYM3wZ/hQzSKr1UoyiYLgk/I8Z2I+/NNphbZ9NsY7DwHKrZJlg==",
        "dependencies": {
          "Microsoft.WindowsAppSDK.Base": "2.0.3",
          "Microsoft.WindowsAppSDK.Foundation": "2.0.19"
        }
      },
      "Microsoft.WindowsAppSDK.Base": {
        "type": "Transitive",
        "resolved": "2.0.3",
        "contentHash": "UZIO8/Vk2FKONlKNM8ZyFLhkSZcMZSzFDVmmzZOCnOBcvxNwWRW/+klUlTEI8tLpPVHJTQUsZE677GaYyDzrHw==",
        "dependencies": {
          "Microsoft.Windows.SDK.BuildTools": "10.0.26100.4654",
          "Microsoft.Windows.SDK.BuildTools.MSIX": "1.7.251221100"
        }
      },
      "Microsoft.WindowsAppSDK.DWrite": {
        "type": "Transitive",
        "resolved": "2.0.26041403",
        "contentHash": "iClF//qwKk82OWR84acdTezu9euInOYo6QvtFz/IobfbpWBLfXA4mjbu5DpK03z/BF8hHG7COIwvJ+D/5iNvsg==",
        "dependencies": {
          "Microsoft.WindowsAppSDK.Base": "2.0.3"
        }
      },
      "Microsoft.WindowsAppSDK.Foundation": {
        "type": "Transitive",
        "resolved": "2.0.20",
        "contentHash": "PwoRG/eddoi9SOSVPyanei5WAHMyAeVFAeqcovd0V0Ebx6dw7S+ksVVGThAoMjrRI6f93Fa6mTmwXqFHExOtlw==",
        "dependencies": {
          "Microsoft.WindowsAppSDK.Base": "2.0.3",
          "Microsoft.WindowsAppSDK.InteractiveExperiences": "2.0.12"
        }
      },
      "Microsoft.WindowsAppSDK.InteractiveExperiences": {
        "type": "Transitive",
        "resolved": "2.0.12",
        "contentHash": "uGNDuIhBHTO1azsa0SCO6/h/0JBVKqoKiJA0K8JSgrlGeC5Lx7g0xppS8aOF/aTnOPSR9BIEHWRvH9JldWTbBg==",
        "dependencies": {
          "Microsoft.WindowsAppSDK.Base": "2.0.3"
        }
      },
      "Microsoft.WindowsAppSDK.ML": {
        "type": "Transitive",
        "resolved": "2.0.300",
        "contentHash": "3/PInpjZozhI+KryPO2b3gZVNyFVOd5qSBhiGW/qFo2VzKQCMc0+cyaCPVm8uhfm3jqgYjQ4g/EqHFA5gJIaoQ==",
        "dependencies": {
          "Microsoft.Windows.AI.MachineLearning": "[2.0.300, 3.0.0)",
          "Microsoft.WindowsAppSDK.Base": "2.0.3",
          "Microsoft.WindowsAppSDK.Foundation": "2.0.19"
        }
      },
      "Microsoft.WindowsAppSDK.Runtime": {
        "type": "Transitive",
        "resolved": "2.0.1",
        "contentHash": "auDu0gwvIrxM1gbOJsRiyRJHHeFaAC9ORO4EppreRQEeD+BteTdl6Z/bP4aUgmUimrr7gOQQ87iLcQOsahbvSQ==",
        "dependencies": {
          "Microsoft.WindowsAppSDK.Base": "2.0.3"
        }
      },
      "Microsoft.WindowsAppSDK.Widgets": {
        "type": "Transitive",
        "resolved": "2.0.4",
        "contentHash": "gvfIHLmQKBQ+KQKrWb+Oc+eQEZtpKx2zHQDBzFF7Tio+SDkXtaONU4nvHgaqcnkbqNpDPPT/pYIr7UaI51vNEQ==",
        "dependencies": {
          "Microsoft.WindowsAppSDK.Base": "2.0.3"
        }
      },
      "Microsoft.WindowsAppSDK.WinUI": {
        "type": "Transitive",
        "resolved": "2.0.12",
        "contentHash": "qNyajFTgO9xuxKtcs7vLqg7NLSuZK5+EUKeRh6fHQ9Da8hhmymoKci/srxyQwyLkFOXRL7nnuoxovUpzNjlsCg==",
        "dependencies": {
          "Microsoft.Web.WebView2": "1.0.3719.77",
          "Microsoft.WindowsAppSDK.Base": "2.0.3",
          "Microsoft.WindowsAppSDK.Foundation": "2.0.20",
          "Microsoft.WindowsAppSDK.InteractiveExperiences": "2.0.12"
        }
      },
      "System.Memory": {
        "type": "Transitive",
        "resolved": "4.5.5",
        "contentHash": "XIWiDvKPXaTveaB7HVganDlOCRoj03l+jrwNvcge/t8vhGYKvqV+dMv6G4SAX2NoNmN0wZfVPTAlFwZcZvVOUw==",
        "dependencies": {
          "System.Runtime.CompilerServices.Unsafe": "4.5.3"
        }
      },
      "System.Numerics.Tensors": {
        "type": "Transitive",
        "resolved": "9.0.0",
        "contentHash": "hyJB4UlpAi19Xr9AXzu2NuagKC4lPfHObNMEAA0HmqFz2rX7wKgzeYzO/jM/eBHDhnUGFFEjk5cOoJaxqg5J4A==",
        "dependencies": {
          "Microsoft.Bcl.Numerics": "9.0.0",
          "System.Memory": "4.5.5"
        }
      },
      "System.Runtime.CompilerServices.Unsafe": {
        "type": "Transitive",
        "resolved": "4.5.3",
        "contentHash": "3TIsJhD1EiiT0w2CcDMN/iSSwnNnsrnbzeVHSKkaEgV85txMprmuO+Yq2AdSbeVGcg28pdNDTPK87tJhX7VFHw=="
      },
      "doctor": {
        "type": "Project",
        "dependencies": {
          "Microsoft.JavaScript.Hermes": "[0.0.0-2512.22001-bc3d0ed7, )",
          "Microsoft.ReactNative": "[0.82.5, )",
          "Microsoft.ReactNative.Cxx": "[0.82.5, )",
          "Microsoft.VCRTForwarders.140": "[1.0.2-rc, )",
          "Microsoft.WindowsAppSDK": "[1.8.260209005, )",
          "boost": "[1.84.0, )"
        }
      }
    },
    "UAP,Version=v10.0.17763/win10-arm": {
      "Microsoft.ReactNative": {
        "type": "Transitive",
        "resolved": "0.82.5",
        "contentHash": "UyH3yJbAVQE5QExPouhbVWe6+7AuYJx71ViIuZbQ3LUSZFJHFstV45YSJIvFKpkW3vTyPxH9eAyKf+Y+x//KCA=="
      },
      "Microsoft.VCRTForwarders.140": {
        "type": "Transitive",
        "resolved": "1.0.2-rc",
        "contentHash": "/r+sjtEeCIGyDhobIZ5hSmYhC/dSyGZxf1SxYJpElUhB0LMCktOMFs9gXrauXypIFECpVynNyVjAmJt6hjJ5oQ=="
      },
      "Microsoft.Web.WebView2": {
        "type": "Transitive",
        "resolved": "1.0.3719.77",
        "contentHash": "t+ucyKw5NTwMjsUrDF6R9Lk40lpcKQD1/HgyGFxl49tdA4h9dKlsj6FYGEmDRpFNfnTpENuTypMcdbrlkqBdDA=="
      },
      "Microsoft.Windows.AI.MachineLearning": {
        "type": "Transitive",
        "resolved": "2.0.300",
        "contentHash": "OiJX15N198kG30Lop7LH8WjmBfk2/9iU9it9eLPnkNZ49Yi/vAa4ntONGiGOgv5mb8/fvFHV5trCWSPM+OQhSw==",
        "dependencies": {
          "System.Numerics.Tensors": "9.0.0"
        }
      },
      "Microsoft.WindowsAppSDK.Foundation": {
        "type": "Transitive",
        "resolved": "2.0.20",
        "contentHash": "PwoRG/eddoi9SOSVPyanei5WAHMyAeVFAeqcovd0V0Ebx6dw7S+ksVVGThAoMjrRI6f93Fa6mTmwXqFHExOtlw==",
        "dependencies": {
          "Microsoft.WindowsAppSDK.Base": "2.0.3",
          "Microsoft.WindowsAppSDK.InteractiveExperiences": "2.0.12"
        }
      }
    },
    "UAP,Version=v10.0.17763/win10-arm-aot": {
      "Microsoft.ReactNative": {
        "type": "Transitive",
        "resolved": "0.82.5",
        "contentHash": "UyH3yJbAVQE5QExPouhbVWe6+7AuYJx71ViIuZbQ3LUSZFJHFstV45YSJIvFKpkW3vTyPxH9eAyKf+Y+x//KCA=="
      },
      "Microsoft.VCRTForwarders.140": {
        "type": "Transitive",
        "resolved": "1.0.2-rc",
        "contentHash": "/r+sjtEeCIGyDhobIZ5hSmYhC/dSyGZxf1SxYJpElUhB0LMCktOMFs9gXrauXypIFECpVynNyVjAmJt6hjJ5oQ=="
      },
      "Microsoft.Web.WebView2": {
        "type": "Transitive",
        "resolved": "1.0.3719.77",
        "contentHash": "t+ucyKw5NTwMjsUrDF6R9Lk40lpcKQD1/HgyGFxl49tdA4h9dKlsj6FYGEmDRpFNfnTpENuTypMcdbrlkqBdDA=="
      },
      "Microsoft.Windows.AI.MachineLearning": {
        "type": "Transitive",
        "resolved": "2.0.300",
        "contentHash": "OiJX15N198kG30Lop7LH8WjmBfk2/9iU9it9eLPnkNZ49Yi/vAa4ntONGiGOgv5mb8/fvFHV5trCWSPM+OQhSw==",
        "dependencies": {
          "System.Numerics.Tensors": "9.0.0"
        }
      },
      "Microsoft.WindowsAppSDK.Foundation": {
        "type": "Transitive",
        "resolved": "2.0.20",
        "contentHash": "PwoRG/eddoi9SOSVPyanei5WAHMyAeVFAeqcovd0V0Ebx6dw7S+ksVVGThAoMjrRI6f93Fa6mTmwXqFHExOtlw==",
        "dependencies": {
          "Microsoft.WindowsAppSDK.Base": "2.0.3",
          "Microsoft.WindowsAppSDK.InteractiveExperiences": "2.0.12"
        }
      }
    },
    "UAP,Version=v10.0.17763/win10-arm64-aot": {
      "Microsoft.ReactNative": {
        "type": "Transitive",
        "resolved": "0.82.5",
        "contentHash": "UyH3yJbAVQE5QExPouhbVWe6+7AuYJx71ViIuZbQ3LUSZFJHFstV45YSJIvFKpkW3vTyPxH9eAyKf+Y+x//KCA=="
      },
      "Microsoft.VCRTForwarders.140": {
        "type": "Transitive",
        "resolved": "1.0.2-rc",
        "contentHash": "/r+sjtEeCIGyDhobIZ5hSmYhC/dSyGZxf1SxYJpElUhB0LMCktOMFs9gXrauXypIFECpVynNyVjAmJt6hjJ5oQ=="
      },
      "Microsoft.Web.WebView2": {
        "type": "Transitive",
        "resolved": "1.0.3719.77",
        "contentHash": "t+ucyKw5NTwMjsUrDF6R9Lk40lpcKQD1/HgyGFxl49tdA4h9dKlsj6FYGEmDRpFNfnTpENuTypMcdbrlkqBdDA=="
      },
      "Microsoft.Windows.AI.MachineLearning": {
        "type": "Transitive",
        "resolved": "2.0.300",
        "contentHash": "OiJX15N198kG30Lop7LH8WjmBfk2/9iU9it9eLPnkNZ49Yi/vAa4ntONGiGOgv5mb8/fvFHV5trCWSPM+OQhSw==",
        "dependencies": {
          "System.Numerics.Tensors": "9.0.0"
        }
      },
      "Microsoft.WindowsAppSDK.Foundation": {
        "type": "Transitive",
        "resolved": "2.0.20",
        "contentHash": "PwoRG/eddoi9SOSVPyanei5WAHMyAeVFAeqcovd0V0Ebx6dw7S+ksVVGThAoMjrRI6f93Fa6mTmwXqFHExOtlw==",
        "dependencies": {
          "Microsoft.WindowsAppSDK.Base": "2.0.3",
          "Microsoft.WindowsAppSDK.InteractiveExperiences": "2.0.12"
        }
      }
    },
    "UAP,Version=v10.0.17763/win10-x64": {
      "Microsoft.ReactNative": {
        "type": "Transitive",
        "resolved": "0.82.5",
        "contentHash": "UyH3yJbAVQE5QExPouhbVWe6+7AuYJx71ViIuZbQ3LUSZFJHFstV45YSJIvFKpkW3vTyPxH9eAyKf+Y+x//KCA=="
      },
      "Microsoft.VCRTForwarders.140": {
        "type": "Transitive",
        "resolved": "1.0.2-rc",
        "contentHash": "/r+sjtEeCIGyDhobIZ5hSmYhC/dSyGZxf1SxYJpElUhB0LMCktOMFs9gXrauXypIFECpVynNyVjAmJt6hjJ5oQ=="
      },
      "Microsoft.Web.WebView2": {
        "type": "Transitive",
        "resolved": "1.0.3719.77",
        "contentHash": "t+ucyKw5NTwMjsUrDF6R9Lk40lpcKQD1/HgyGFxl49tdA4h9dKlsj6FYGEmDRpFNfnTpENuTypMcdbrlkqBdDA=="
      },
      "Microsoft.Windows.AI.MachineLearning": {
        "type": "Transitive",
        "resolved": "2.0.300",
        "contentHash": "OiJX15N198kG30Lop7LH8WjmBfk2/9iU9it9eLPnkNZ49Yi/vAa4ntONGiGOgv5mb8/fvFHV5trCWSPM+OQhSw==",
        "dependencies": {
          "System.Numerics.Tensors": "9.0.0"
        }
      },
      "Microsoft.WindowsAppSDK.Foundation": {
        "type": "Transitive",
        "resolved": "2.0.20",
        "contentHash": "PwoRG/eddoi9SOSVPyanei5WAHMyAeVFAeqcovd0V0Ebx6dw7S+ksVVGThAoMjrRI6f93Fa6mTmwXqFHExOtlw==",
        "dependencies": {
          "Microsoft.WindowsAppSDK.Base": "2.0.3",
          "Microsoft.WindowsAppSDK.InteractiveExperiences": "2.0.12"
        }
      }
    },
    "UAP,Version=v10.0.17763/win10-x64-aot": {
      "Microsoft.ReactNative": {
        "type": "Transitive",
        "resolved": "0.82.5",
        "contentHash": "UyH3yJbAVQE5QExPouhbVWe6+7AuYJx71ViIuZbQ3LUSZFJHFstV45YSJIvFKpkW3vTyPxH9eAyKf+Y+x//KCA=="
      },
      "Microsoft.VCRTForwarders.140": {
        "type": "Transitive",
        "resolved": "1.0.2-rc",
        "contentHash": "/r+sjtEeCIGyDhobIZ5hSmYhC/dSyGZxf1SxYJpElUhB0LMCktOMFs9gXrauXypIFECpVynNyVjAmJt6hjJ5oQ=="
      },
      "Microsoft.Web.WebView2": {
        "type": "Transitive",
        "resolved": "1.0.3719.77",
        "contentHash": "t+ucyKw5NTwMjsUrDF6R9Lk40lpcKQD1/HgyGFxl49tdA4h9dKlsj6FYGEmDRpFNfnTpENuTypMcdbrlkqBdDA=="
      },
      "Microsoft.Windows.AI.MachineLearning": {
        "type": "Transitive",
        "resolved": "2.0.300",
        "contentHash": "OiJX15N198kG30Lop7LH8WjmBfk2/9iU9it9eLPnkNZ49Yi/vAa4ntONGiGOgv5mb8/fvFHV5trCWSPM+OQhSw==",
        "dependencies": {
          "System.Numerics.Tensors": "9.0.0"
        }
      },
      "Microsoft.WindowsAppSDK.Foundation": {
        "type": "Transitive",
        "resolved": "2.0.20",
        "contentHash": "PwoRG/eddoi9SOSVPyanei5WAHMyAeVFAeqcovd0V0Ebx6dw7S+ksVVGThAoMjrRI6f93Fa6mTmwXqFHExOtlw==",
        "dependencies": {
          "Microsoft.WindowsAppSDK.Base": "2.0.3",
          "Microsoft.WindowsAppSDK.InteractiveExperiences": "2.0.12"
        }
      }
    },
    "UAP,Version=v10.0.17763/win10-x86": {
      "Microsoft.ReactNative": {
        "type": "Transitive",
        "resolved": "0.82.5",
        "contentHash": "UyH3yJbAVQE5QExPouhbVWe6+7AuYJx71ViIuZbQ3LUSZFJHFstV45YSJIvFKpkW3vTyPxH9eAyKf+Y+x//KCA=="
      },
      "Microsoft.VCRTForwarders.140": {
        "type": "Transitive",
        "resolved": "1.0.2-rc",
        "contentHash": "/r+sjtEeCIGyDhobIZ5hSmYhC/dSyGZxf1SxYJpElUhB0LMCktOMFs9gXrauXypIFECpVynNyVjAmJt6hjJ5oQ=="
      },
      "Microsoft.Web.WebView2": {
        "type": "Transitive",
        "resolved": "1.0.3719.77",
        "contentHash": "t+ucyKw5NTwMjsUrDF6R9Lk40lpcKQD1/HgyGFxl49tdA4h9dKlsj6FYGEmDRpFNfnTpENuTypMcdbrlkqBdDA=="
      },
      "Microsoft.Windows.AI.MachineLearning": {
        "type": "Transitive",
        "resolved": "2.0.300",
        "contentHash": "OiJX15N198kG30Lop7LH8WjmBfk2/9iU9it9eLPnkNZ49Yi/vAa4ntONGiGOgv5mb8/fvFHV5trCWSPM+OQhSw==",
        "dependencies": {
          "System.Numerics.Tensors": "9.0.0"
        }
      },
      "Microsoft.WindowsAppSDK.Foundation": {
        "type": "Transitive",
        "resolved": "2.0.20",
        "contentHash": "PwoRG/eddoi9SOSVPyanei5WAHMyAeVFAeqcovd0V0Ebx6dw7S+ksVVGThAoMjrRI6f93Fa6mTmwXqFHExOtlw==",
        "dependencies": {
          "Microsoft.WindowsAppSDK.Base": "2.0.3",
          "Microsoft.WindowsAppSDK.InteractiveExperiences": "2.0.12"
        }
      }
    },
    "UAP,Version=v10.0.17763/win10-x86-aot": {
      "Microsoft.ReactNative": {
        "type": "Transitive",
        "resolved": "0.82.5",
        "contentHash": "UyH3yJbAVQE5QExPouhbVWe6+7AuYJx71ViIuZbQ3LUSZFJHFstV45YSJIvFKpkW3vTyPxH9eAyKf+Y+x//KCA=="
      },
      "Microsoft.VCRTForwarders.140": {
        "type": "Transitive",
        "resolved": "1.0.2-rc",
        "contentHash": "/r+sjtEeCIGyDhobIZ5hSmYhC/dSyGZxf1SxYJpElUhB0LMCktOMFs9gXrauXypIFECpVynNyVjAmJt6hjJ5oQ=="
      },
      "Microsoft.Web.WebView2": {
        "type": "Transitive",
        "resolved": "1.0.3719.77",
        "contentHash": "t+ucyKw5NTwMjsUrDF6R9Lk40lpcKQD1/HgyGFxl49tdA4h9dKlsj6FYGEmDRpFNfnTpENuTypMcdbrlkqBdDA=="
      },
      "Microsoft.Windows.AI.MachineLearning": {
        "type": "Transitive",
        "resolved": "2.0.300",
        "contentHash": "OiJX15N198kG30Lop7LH8WjmBfk2/9iU9it9eLPnkNZ49Yi/vAa4ntONGiGOgv5mb8/fvFHV5trCWSPM+OQhSw==",
        "dependencies": {
          "System.Numerics.Tensors": "9.0.0"
        }
      },
      "Microsoft.WindowsAppSDK.Foundation": {
        "type": "Transitive",
        "resolved": "2.0.20",
        "contentHash": "PwoRG/eddoi9SOSVPyanei5WAHMyAeVFAeqcovd0V0Ebx6dw7S+ksVVGThAoMjrRI6f93Fa6mTmwXqFHExOtlw==",
        "dependencies": {
          "Microsoft.WindowsAppSDK.Base": "2.0.3",
          "Microsoft.WindowsAppSDK.InteractiveExperiences": "2.0.12"
        }
      }
    }
  }
}